
Microsoft Visual Studio Solution File, Format Version 12.00
# Visual Studio Version 16
VisualStudioVersion = 16.0.31321.278
MinimumVisualStudioVersion = 10.0.40219.1
Project("{F184B08F-C81C-45F6-A57F-5ABD9991F28F}") = "Telco", "SistemaAsesoría\Telco.vbproj", "{BE0AB968-CD75-4C98-9315-86CC957B1399}"
EndProject
Global
	GlobalSection(SolutionConfigurationPlatforms) = preSolution
		Debug|Any CPU = Debug|Any CPU
		Release|Any CPU = Release|Any CPU
	EndGlobalSection
	GlobalSection(ProjectConfigurationPlatforms) = postSolution
		{BE0AB968-CD75-4C98-9315-86CC957B1399}.Debug|Any CPU.ActiveCfg = Debug|Any CPU
		{BE0AB968-CD75-4C98-9315-86CC957B1399}.Debug|Any CPU.Build.0 = Debug|Any CPU
		{BE0AB968-CD75-4C98-9315-86CC957B1399}.Release|Any CPU.ActiveCfg = Release|Any CPU
		{BE0AB968-CD75-4C98-9315-86CC957B1399}.Release|Any CPU.Build.0 = Release|Any CPU
	EndGlobalSection
	GlobalSection(SolutionProperties) = preSolution
		HideSolutionNode = FALSE
	EndGlobalSection
	GlobalSection(ExtensibilityGlobals) = postSolution
		SolutionGuid = {38758B5B-B169-4744-9BFF-9524FE4667AD}
	EndGlobalSection
EndGlobal
